
Microsoft Visual Studio Solution File, Format Version 11.00
# Visual Studio 2010
Project("{FAE04EC0-301F-11D3-BF4B-00C04F79EFBC}") = "Assembly-CSharp", "Assembly-CSharp.csproj", "{2EF27F0D-FBF0-F492-6466-16BEEF636CFB}"
EndProject
Project("{FAE04EC0-301F-11D3-BF4B-00C04F79EFBC}") = "Assembly-CSharp-Editor", "Assembly-CSharp-Editor.csproj", "{8437E5AB-D2D0-D29D-EC93-B3FBEC4C3891}"
EndProject
Global
	GlobalSection(SolutionConfigurationPlatforms) = preSolution
		Debug|Any CPU = Debug|Any CPU
		Release|Any CPU = Release|Any CPU
	EndGlobalSection
	GlobalSection(ProjectConfigurationPlatforms) = postSolution
		{2EF27F0D-FBF0-F492-6466-16BEEF636CFB}.Debug|Any CPU.ActiveCfg = Debug|Any CPU
		{2EF27F0D-FBF0-F492-6466-16BEEF636CFB}.Debug|Any CPU.Build.0 = Debug|Any CPU
		{2EF27F0D-FBF0-F492-6466-16BEEF636CFB}.Release|Any CPU.ActiveCfg = Release|Any CPU
		{2EF27F0D-FBF0-F492-6466-16BEEF636CFB}.Release|Any CPU.Build.0 = Release|Any CPU
		{8437E5AB-D2D0-D29D-EC93-B3FBEC4C3891}.Debug|Any CPU.ActiveCfg = Debug|Any CPU
		{8437E5AB-D2D0-D29D-EC93-B3FBEC4C3891}.Debug|Any CPU.Build.0 = Debug|Any CPU
		{8437E5AB-D2D0-D29D-EC93-B3FBEC4C3891}.Release|Any CPU.ActiveCfg = Release|Any CPU
		{8437E5AB-D2D0-D29D-EC93-B3FBEC4C3891}.Release|Any CPU.Build.0 = Release|Any CPU
	EndGlobalSection
	GlobalSection(SolutionProperties) = preSolution
		HideSolutionNode = FALSE
	EndGlobalSection
	GlobalSection(MonoDevelopProperties) = preSolution
		StartupItem = Assembly-CSharp.csproj
	EndGlobalSection
EndGlobal
